// !$*UTF8*$!
{
	archiveVersion = 1;
	classes = {
	};
	objectVersion = 56;
	objects = {

/* Begin PBXBuildFile section */
		B01F22622A01637E00B4A9BA /* OlxCloneApp.swift in Sources */ = {isa = PBXBuildFile; fileRef = B01F22612A01637E00B4A9BA /* OlxCloneApp.swift */; };
		B01F22642A01637E00B4A9BA /* ContentView.swift in Sources */ = {isa = PBXBuildFile; fileRef = B01F22632A01637E00B4A9BA /* ContentView.swift */; };
		B01F22662A01638000B4A9BA /* Assets.xcassets in Resources */ = {isa = PBXBuildFile; fileRef = B01F22652A01638000B4A9BA /* Assets.xcassets */; };
		B01F22692A01638000B4A9BA /* Preview Assets.xcassets in Resources */ = {isa = PBXBuildFile; fileRef = B01F22682A01638000B4A9BA /* Preview Assets.xcassets */; };
		B01F22772A0167B300B4A9BA /* RegisterManagerView.swift in Sources */ = {isa = PBXBuildFile; fileRef = B01F22762A0167B300B4A9BA /* RegisterManagerView.swift */; };
		B01F22792A016B6C00B4A9BA /* Montserrat in Resources */ = {isa = PBXBuildFile; fileRef = B01F22782A016B6C00B4A9BA /* Montserrat */; };
/* End PBXBuildFile section */

/* Begin PBXFileReference section */
		B01F225E2A01637E00B4A9BA /* OlxClone.app */ = {isa = PBXFileReference; explicitFileType = wrapper.application; includeInIndex = 0; path = OlxClone.app; sourceTree = BUILT_PRODUCTS_DIR; };
		B01F22612A01637E00B4A9BA /* OlxCloneApp.swift */ = {isa = PBXFileReference; lastKnownFileType = sourcecode.swift; path = OlxCloneApp.swift; sourceTree = "<group>"; };
		B01F22632A01637E00B4A9BA /* ContentView.swift */ = {isa = PBXFileReference; lastKnownFileType = sourcecode.swift; path = ContentView.swift; sourceTree = "<group>"; };
		B01F22652A01638000B4A9BA /* Assets.xcassets */ = {isa = PBXFileReference; lastKnownFileType = folder.assetcatalog; path = Assets.xcassets; sourceTree = "<group>"; };
		B01F22682A01638000B4A9BA /* Preview Assets.xcassets */ = {isa = PBXFileReference; lastKnownFileType = folder.assetcatalog; path = "Preview Assets.xcassets"; sourceTree = "<group>"; };
		B01F22762A0167B300B4A9BA /* RegisterManagerView.swift */ = {isa = PBXFileReference; lastKnownFileType = sourcecode.swift; path = RegisterManagerView.swift; sourceTree = "<group>"; };
		B01F22782A016B6C00B4A9BA /* Montserrat */ = {isa = PBXFileReference; lastKnownFileType = folder; path = Montserrat; sourceTree = "<group>"; };
		B01F227A2A016B9A00B4A9BA /* Info.plist */ = {isa = PBXFileReference; lastKnownFileType = text.plist; path = Info.plist; sourceTree = "<group>"; };
/* End PBXFileReference section */

/* Begin PBXFrameworksBuildPhase section */
		B01F225B2A01637E00B4A9BA /* Frameworks */ = {
			isa = PBXFrameworksBuildPhase;
			buildActionMask = 2147483647;
			files = (
			);
			runOnlyForDeploymentPostprocessing = 0;
		};
/* End PBXFrameworksBuildPhase section */

/* Begin PBXGroup section */
		B01F22552A01637E00B4A9BA = {
			isa = PBXGroup;
			children = (
				B01F22602A01637E00B4A9BA /* OlxClone */,
				B01F225F2A01637E00B4A9BA /* Products */,
			);
			sourceTree = "<group>";
		};
		B01F225F2A01637E00B4A9BA /* Products */ = {
			isa = PBXGroup;
			children = (
				B01F225E2A01637E00B4A9BA /* OlxClone.app */,
			);
			name = Products;
			sourceTree = "<group>";
		};
		B01F22602A01637E00B4A9BA /* OlxClone */ = {
			isa = PBXGroup;
			children = (
				B01F227A2A016B9A00B4A9BA /* Info.plist */,
				B01F22782A016B6C00B4A9BA /* Montserrat */,
				B01F226F2A01675100B4A9BA /* Views */,
				B01F22612A01637E00B4A9BA /* OlxCloneApp.swift */,
				B01F22632A01637E00B4A9BA /* ContentView.swift */,
				B01F22652A01638000B4A9BA /* Assets.xcassets */,
				B01F22672A01638000B4A9BA /* Preview Content */,
			);
			path = OlxClone;
			sourceTree = "<group>";
		};
		B01F22672A01638000B4A9BA /* Preview Content */ = {
			isa = PBXGroup;
			children = (
				B01F22682A01638000B4A9BA /* Preview Assets.xcassets */,
			);
			path = "Preview Content";
			sourceTree = "<group>";
		};
		B01F226F2A01675100B4A9BA /* Views */ = {
			isa = PBXGroup;
			children = (
				B01F22722A01677900B4A9BA /* SignUp */,
				B01F22702A01675700B4A9BA /* RegisterManager */,
			);
			path = Views;
			sourceTree = "<group>";
		};
		B01F22702A01675700B4A9BA /* RegisterManager */ = {
			isa = PBXGroup;
			children = (
				B01F22752A0167A100B4A9BA /* View */,
			);
			path = RegisterManager;
			sourceTree = "<group>";
		};
		B01F22722A01677900B4A9BA /* SignUp */ = {
			isa = PBXGroup;
			children = (
				B01F22742A01679000B4A9BA /* ViewModel */,
				B01F22732A01677F00B4A9BA /* View */,
			);
			path = SignUp;
			sourceTree = "<group>";
		};
		B01F22732A01677F00B4A9BA /* View */ = {
			isa = PBXGroup;
			children = (
			);
			path = View;
			sourceTree = "<group>";
		};
		B01F22742A01679000B4A9BA /* ViewModel */ = {
			isa = PBXGroup;
			children = (
			);
			path = ViewModel;
			sourceTree = "<group>";
		};
		B01F22752A0167A100B4A9BA /* View */ = {
			isa = PBXGroup;
			children = (
				B01F22762A0167B300B4A9BA /* RegisterManagerView.swift */,
			);
			path = View;
			sourceTree = "<group>";
		};
/* End PBXGroup section */

/* Begin PBXNativeTarget section */
		B01F225D2A01637E00B4A9BA /* OlxClone */ = {
			isa = PBXNativeTarget;
			buildConfigurationList = B01F226C2A01638000B4A9BA /* Build configuration list for PBXNativeTarget "OlxClone" */;
			buildPhases = (
				B01F225A2A01637E00B4A9BA /* Sources */,
				B01F225B2A01637E00B4A9BA /* Frameworks */,
				B01F225C2A01637E00B4A9BA /* Resources */,
			);
			buildRules = (
			);
			dependencies = (
			);
			name = OlxClone;
			productName = OlxClone;
			productReference = B01F225E2A01637E00B4A9BA /* OlxClone.app */;
			productType = "com.apple.product-type.application";
		};
/* End PBXNativeTarget section */

/* Begin PBXProject section */
		B01F22562A01637E00B4A9BA /* Project object */ = {
			isa = PBXProject;
			attributes = {
				BuildIndependentTargetsInParallel = 1;
				LastSwiftUpdateCheck = 1430;
				LastUpgradeCheck = 1430;
				TargetAttributes = {
					B01F225D2A01637E00B4A9BA = {
						CreatedOnToolsVersion = 14.3;
					};
				};
			};
			buildConfigurationList = B01F22592A01637E00B4A9BA /* Build configuration list for PBXProject "OlxClone" */;
			compatibilityVersion = "Xcode 14.0";
			developmentRegion = en;
			hasScannedForEncodings = 0;
			knownRegions = (
				en,
				Base,
			);
			mainGroup = B01F22552A01637E00B4A9BA;
			productRefGroup = B01F225F2A01637E00B4A9BA /* Products */;
			projectDirPath = "";
			projectRoot = "";
			targets = (
				B01F225D2A01637E00B4A9BA /* OlxClone */,
			);
		};
/* End PBXProject section */

/* Begin PBXResourcesBuildPhase section */
		B01F225C2A01637E00B4A9BA /* Resources */ = {
			isa = PBXResourcesBuildPhase;
			buildActionMask = 2147483647;
			files = (
				B01F22692A01638000B4A9BA /* Preview Assets.xcassets in Resources */,
				B01F22662A01638000B4A9BA /* Assets.xcassets in Resources */,
				B01F22792A016B6C00B4A9BA /* Montserrat in Resources */,
			);
			runOnlyForDeploymentPostprocessing = 0;
		};
/* End PBXResourcesBuildPhase section */

/* Begin PBXSourcesBuildPhase section */
		B01F225A2A01637E00B4A9BA /* Sources */ = {
			isa = PBXSourcesBuildPhase;
			buildActionMask = 2147483647;
			files = (
				B01F22642A01637E00B4A9BA /* ContentView.swift in Sources */,
				B01F22622A01637E00B4A9BA /* OlxCloneApp.swift in Sources */,
				B01F22772A0167B300B4A9BA /* RegisterManagerView.swift in Sources */,
			);
			runOnlyForDeploymentPostprocessing = 0;
		};
/* End PBXSourcesBuildPhase section */

/* Begin XCBuildConfiguration section */
		B01F226A2A01638000B4A9BA /* Debug */ = {
			isa = XCBuildConfiguration;
			buildSettings = {
				ALWAYS_SEARCH_USER_PATHS = NO;
				CLANG_ANALYZER_NONNULL = YES;
				CLANG_ANALYZER_NUMBER_OBJECT_CONVERSION = YES_AGGRESSIVE;
				CLANG_CXX_LANGUAGE_STANDARD = "gnu++20";
				CLANG_ENABLE_MODULES = YES;
				CLANG_ENABLE_OBJC_ARC = YES;
				CLANG_ENABLE_OBJC_WEAK = YES;
				CLANG_WARN_BLOCK_CAPTURE_AUTORELEASING = YES;
				CLANG_WARN_BOOL_CONVERSION = YES;
				CLANG_WARN_COMMA = YES;
				CLANG_WARN_CONSTANT_CONVERSION = YES;
				CLANG_WARN_DEPRECATED_OBJC_IMPLEMENTATIONS = YES;
				CLANG_WARN_DIRECT_OBJC_ISA_USAGE = YES_ERROR;
				CLANG_WARN_DOCUMENTATION_COMMENTS = YES;
				CLANG_WARN_EMPTY_BODY = YES;
				CLANG_WARN_ENUM_CONVERSION = YES;
				CLANG_WARN_INFINITE_RECURSION = YES;
				CLANG_WARN_INT_CONVERSION = YES;
				CLANG_WARN_NON_LITERAL_NULL_CONVERSION = YES;
				CLANG_WARN_OBJC_IMPLICIT_RETAIN_SELF = YES;
				CLANG_WARN_OBJC_LITERAL_CONVERSION = YES;
				CLANG_WARN_OBJC_ROOT_CLASS = YES_ERROR;
				CLANG_WARN_QUOTED_INCLUDE_IN_FRAMEWORK_HEADER = YES;
				CLANG_WARN_RANGE_LOOP_ANALYSIS = YES;
				CLANG_WARN_STRICT_PROTOTYPES = YES;
				CLANG_WARN_SUSPICIOUS_MOVE = YES;
				CLANG_WARN_UNGUARDED_AVAILABILITY = YES_AGGRESSIVE;
				CLANG_WARN_UNREACHABLE_CODE = YES;
				CLANG_WARN__DUPLICATE_METHOD_MATCH = YES;
				COPY_PHASE_STRIP = NO;
				DEBUG_INFORMATION_FORMAT = dwarf;
				ENABLE_STRICT_OBJC_MSGSEND = YES;
				ENABLE_TESTABILITY = YES;
				GCC_C_LANGUAGE_STANDARD = gnu11;
				GCC_DYNAMIC_NO_PIC = NO;
				GCC_NO_COMMON_BLOCKS = YES;
				GCC_OPTIMIZATION_LEVEL = 0;
				GCC_PREPROCESSOR_DEFINITIONS = (
					"DEBUG=1",
					"$(inherited)",
				);
				GCC_WARN_64_TO_32_BIT_CONVERSION = YES;
				GCC_WARN_ABOUT_RETURN_TYPE = YES_ERROR;
				GCC_WARN_UNDECLARED_SELECTOR = YES;
				GCC_WARN_UNINITIALIZED_AUTOS = YES_AGGRESSIVE;
				GCC_WARN_UNUSED_FUNCTION = YES;
				GCC_WARN_UNUSED_VARIABLE = YES;
				IPHONEOS_DEPLOYMENT_TARGET = 16.4;
				MTL_ENABLE_DEBUG_INFO = INCLUDE_SOURCE;
				MTL_FAST_MATH = YES;
				ONLY_ACTIVE_ARCH = YES;
				SDKROOT = iphoneos;
				SWIFT_ACTIVE_COMPILATION_CONDITIONS = DEBUG;
				SWIFT_OPTIMIZATION_LEVEL = "-Onone";
			};
			name = Debug;
		};
		B01F226B2A01638000B4A9BA /* Release */ = {
			isa = XCBuildConfiguration;
			buildSettings = {
				ALWAYS_SEARCH_USER_PATHS = NO;
				CLANG_ANALYZER_NONNULL = YES;
				CLANG_ANALYZER_NUMBER_OBJECT_CONVERSION = YES_AGGRESSIVE;
				CLANG_CXX_LANGUAGE_STANDARD = "gnu++20";
				CLANG_ENABLE_MODULES = YES;
				CLANG_ENABLE_OBJC_ARC = YES;
				CLANG_ENABLE_OBJC_WEAK = YES;
				CLANG_WARN_BLOCK_CAPTURE_AUTORELEASING = YES;
				CLANG_WARN_BOOL_CONVERSION = YES;
				CLANG_WARN_COMMA = YES;
				CLANG_WARN_CONSTANT_CONVERSION = YES;
				CLANG_WARN_DEPRECATED_OBJC_IMPLEMENTATIONS = YES;
				CLANG_WARN_DIRECT_OBJC_ISA_USAGE = YES_ERROR;
				CLANG_WARN_DOCUMENTATION_COMMENTS = YES;
				CLANG_WARN_EMPTY_BODY = YES;
				CLANG_WARN_ENUM_CONVERSION = YES;
				CLANG_WARN_INFINITE_RECURSION = YES;
				CLANG_WARN_INT_CONVERSION = YES;
				CLANG_WARN_NON_LITERAL_NULL_CONVERSION = YES;
				CLANG_WARN_OBJC_IMPLICIT_RETAIN_SELF = YES;
				CLANG_WARN_OBJC_LITERAL_CONVERSION = YES;
				CLANG_WARN_OBJC_ROOT_CLASS = YES_ERROR;
				CLANG_WARN_QUOTED_INCLUDE_IN_FRAMEWORK_HEADER = YES;
				CLANG_WARN_RANGE_LOOP_ANALYSIS = YES;
				CLANG_WARN_STRICT_PROTOTYPES = YES;
				CLANG_WARN_SUSPICIOUS_MOVE = YES;
				CLANG_WARN_UNGUARDED_AVAILABILITY = YES_AGGRESSIVE;
				CLANG_WARN_UNREACHABLE_CODE = YES;
				CLANG_WARN__DUPLICATE_METHOD_MATCH = YES;
				COPY_PHASE_STRIP = NO;
				DEBUG_INFORMATION_FORMAT = "dwarf-with-dsym";
				ENABLE_NS_ASSERTIONS = NO;
				ENABLE_STRICT_OBJC_MSGSEND = YES;
				GCC_C_LANGUAGE_STANDARD = gnu11;
				GCC_NO_COMMON_BLOCKS = YES;
				GCC_WARN_64_TO_32_BIT_CONVERSION = YES;
				GCC_WARN_ABOUT_RETURN_TYPE = YES_ERROR;
				GCC_WARN_UNDECLARED_SELECTOR = YES;
				GCC_WARN_UNINITIALIZED_AUTOS = YES_AGGRESSIVE;
				GCC_WARN_UNUSED_FUNCTION = YES;
				GCC_WARN_UNUSED_VARIABLE = YES;
				IPHONEOS_DEPLOYMENT_TARGET = 16.4;
				MTL_ENABLE_DEBUG_INFO = NO;
				MTL_FAST_MATH = YES;
				SDKROOT = iphoneos;
				SWIFT_COMPILATION_MODE = wholemodule;
				SWIFT_OPTIMIZATION_LEVEL = "-O";
				VALIDATE_PRODUCT = YES;
			};
			name = Release;
		};
		B01F226D2A01638000B4A9BA /* Debug */ = {
			isa = XCBuildConfiguration;
			buildSettings = {
				ASSETCATALOG_COMPILER_APPICON_NAME = AppIcon;
				ASSETCATALOG_COMPILER_GLOBAL_ACCENT_COLOR_NAME = AccentColor;
				CODE_SIGN_IDENTITY = "Apple Development";
				CODE_SIGN_STYLE = Automatic;
				CURRENT_PROJECT_VERSION = 1;
				DEVELOPMENT_ASSET_PATHS = "\"OlxClone/Preview Content\"";
				DEVELOPMENT_TEAM = 837GYJYS57;
				ENABLE_PREVIEWS = YES;
				GENERATE_INFOPLIST_FILE = YES;
				INFOPLIST_FILE = OlxClone/Info.plist;
				INFOPLIST_KEY_UIApplicationSceneManifest_Generation = YES;
				INFOPLIST_KEY_UIApplicationSupportsIndirectInputEvents = YES;
				INFOPLIST_KEY_UILaunchScreen_Generation = YES;
				INFOPLIST_KEY_UISupportedInterfaceOrientations = "UIInterfaceOrientationLandscapeRight UIInterfaceOrientationPortrait";
				INFOPLIST_KEY_UISupportedInterfaceOrientations_iPad = "UIInterfaceOrientationLandscapeLeft UIInterfaceOrientationLandscapeRight UIInterfaceOrientationPortrait";
				LD_RUNPATH_SEARCH_PATHS = (
					"$(inherited)",
					"@executable_path/Frameworks",
				);
				MARKETING_VERSION = 1.0;
				PRODUCT_BUNDLE_IDENTIFIER = com.uran.OlxClone;
				PRODUCT_NAME = "$(TARGET_NAME)";
				PROVISIONING_PROFILE_SPECIFIER = "";
				SWIFT_EMIT_LOC_STRINGS = YES;
				SWIFT_VERSION = 5.0;
				TARGETED_DEVICE_FAMILY = "1,2";
			};
			name = Debug;
		};
		B01F226E2A01638000B4A9BA /* Release */ = {
			isa = XCBuildConfiguration;
			buildSettings = {
				ASSETCATALOG_COMPILER_APPICON_NAME = AppIcon;
				ASSETCATALOG_COMPILER_GLOBAL_ACCENT_COLOR_NAME = AccentColor;
				CODE_SIGN_IDENTITY = "Apple Development";
				CODE_SIGN_STYLE = Automatic;
				CURRENT_PROJECT_VERSION = 1;
				DEVELOPMENT_ASSET_PATHS = "\"OlxClone/Preview Content\"";
				DEVELOPMENT_TEAM = 837GYJYS57;
				ENABLE_PREVIEWS = YES;
				GENERATE_INFOPLIST_FILE = YES;
				INFOPLIST_FILE = OlxClone/Info.plist;
				INFOPLIST_KEY_UIApplicationSceneManifest_Generation = YES;
				INFOPLIST_KEY_UIApplicationSupportsIndirectInputEvents = YES;
				INFOPLIST_KEY_UILaunchScreen_Generation = YES;
				INFOPLIST_KEY_UISupportedInterfaceOrientations = "UIInterfaceOrientationLandscapeRight UIInterfaceOrientationPortrait";
				INFOPLIST_KEY_UISupportedInterfaceOrientations_iPad = "UIInterfaceOrientationLandscapeLeft UIInterfaceOrientationLandscapeRight UIInterfaceOrientationPortrait";
				LD_RUNPATH_SEARCH_PATHS = (
					"$(inherited)",
					"@executable_path/Frameworks",
				);
				MARKETING_VERSION = 1.0;
				PRODUCT_BUNDLE_IDENTIFIER = com.uran.OlxClone;
				PRODUCT_NAME = "$(TARGET_NAME)";
				PROVISIONING_PROFILE_SPECIFIER = "";
				SWIFT_EMIT_LOC_STRINGS = YES;
				SWIFT_VERSION = 5.0;
				TARGETED_DEVICE_FAMILY = "1,2";
			};
			name = Release;
		};
/* End XCBuildConfiguration section */

/* Begin XCConfigurationList section */
		B01F22592A01637E00B4A9BA /* Build configuration list for PBXProject "OlxClone" */ = {
			isa = XCConfigurationList;
			buildConfigurations = (
				B01F226A2A01638000B4A9BA /* Debug */,
				B01F226B2A01638000B4A9BA /* Release */,
			);
			defaultConfigurationIsVisible = 0;
			defaultConfigurationName = Release;
		};
		B01F226C2A01638000B4A9BA /* Build configuration list for PBXNativeTarget "OlxClone" */ = {
			isa = XCConfigurationList;
			buildConfigurations = (
				B01F226D2A01638000B4A9BA /* Debug */,
				B01F226E2A01638000B4A9BA /* Release */,
			);
			defaultConfigurationIsVisible = 0;
			defaultConfigurationName = Release;
		};
/* End XCConfigurationList section */
	};
	rootObject = B01F22562A01637E00B4A9BA /* Project object */;
}
